// !$*UTF8*$!
{
	archiveVersion = 1;
	classes = {
	};
	objectVersion = 46;
	objects = {

/* Begin PBXBuildFile section */
		07E2D7B118E0717800DA6528 /* Foundation.framework in Frameworks */ = {isa = PBXBuildFile; fileRef = 07E2D7B018E0717800DA6528 /* Foundation.framework */; };
		07E2D7B318E0717800DA6528 /* CoreGraphics.framework in Frameworks */ = {isa = PBXBuildFile; fileRef = 07E2D7B218E0717800DA6528 /* CoreGraphics.framework */; };
		07E2D7B518E0717800DA6528 /* UIKit.framework in Frameworks */ = {isa = PBXBuildFile; fileRef = 07E2D7B418E0717800DA6528 /* UIKit.framework */; };
		07E2D7BB18E0717800DA6528 /* InfoPlist.strings in Resources */ = {isa = PBXBuildFile; fileRef = 07E2D7B918E0717800DA6528 /* InfoPlist.strings */; };
		07E2D7BD18E0717800DA6528 /* main.m in Sources */ = {isa = PBXBuildFile; fileRef = 07E2D7BC18E0717800DA6528 /* main.m */; };
		07E2D7C118E0717800DA6528 /* ELAAppDelegate.m in Sources */ = {isa = PBXBuildFile; fileRef = 07E2D7C018E0717800DA6528 /* ELAAppDelegate.m */; };
		07E2D7C318E0717800DA6528 /* Images.xcassets in Resources */ = {isa = PBXBuildFile; fileRef = 07E2D7C218E0717800DA6528 /* Images.xcassets */; };
/* End PBXBuildFile section */

/* Begin PBXFileReference section */
		07E2D7AD18E0717800DA6528 /* WellCachedTestHost.app */ = {isa = PBXFileReference; explicitFileType = wrapper.application; includeInIndex = 0; path = WellCachedTestHost.app; sourceTree = BUILT_PRODUCTS_DIR; };
		07E2D7B018E0717800DA6528 /* Foundation.framework */ = {isa = PBXFileReference; lastKnownFileType = wrapper.framework; name = Foundation.framework; path = System/Library/Frameworks/Foundation.framework; sourceTree = SDKROOT; };
		07E2D7B218E0717800DA6528 /* CoreGraphics.framework */ = {isa = PBXFileReference; lastKnownFileType = wrapper.framework; name = CoreGraphics.framework; path = System/Library/Frameworks/CoreGraphics.framework; sourceTree = SDKROOT; };
		07E2D7B418E0717800DA6528 /* UIKit.framework */ = {isa = PBXFileReference; lastKnownFileType = wrapper.framework; name = UIKit.framework; path = System/Library/Frameworks/UIKit.framework; sourceTree = SDKROOT; };
		07E2D7B818E0717800DA6528 /* WellCachedTestHost-Info.plist */ = {isa = PBXFileReference; lastKnownFileType = text.plist.xml; path = "WellCachedTestHost-Info.plist"; sourceTree = "<group>"; };
		07E2D7BA18E0717800DA6528 /* en */ = {isa = PBXFileReference; lastKnownFileType = text.plist.strings; name = en; path = en.lproj/InfoPlist.strings; sourceTree = "<group>"; };
		07E2D7BC18E0717800DA6528 /* main.m */ = {isa = PBXFileReference; lastKnownFileType = sourcecode.c.objc; path = main.m; sourceTree = "<group>"; };
		07E2D7BE18E0717800DA6528 /* WellCachedTestHost-Prefix.pch */ = {isa = PBXFileReference; lastKnownFileType = sourcecode.c.h; path = "WellCachedTestHost-Prefix.pch"; sourceTree = "<group>"; };
		07E2D7BF18E0717800DA6528 /* ELAAppDelegate.h */ = {isa = PBXFileReference; lastKnownFileType = sourcecode.c.h; path = ELAAppDelegate.h; sourceTree = "<group>"; };
		07E2D7C018E0717800DA6528 /* ELAAppDelegate.m */ = {isa = PBXFileReference; lastKnownFileType = sourcecode.c.objc; path = ELAAppDelegate.m; sourceTree = "<group>"; };
		07E2D7C218E0717800DA6528 /* Images.xcassets */ = {isa = PBXFileReference; lastKnownFileType = folder.assetcatalog; path = Images.xcassets; sourceTree = "<group>"; };
		07E2D7C918E0717800DA6528 /* XCTest.framework */ = {isa = PBXFileReference; lastKnownFileType = wrapper.framework; name = XCTest.framework; path = Library/Frameworks/XCTest.framework; sourceTree = DEVELOPER_DIR; };
/* End PBXFileReference section */

/* Begin PBXFrameworksBuildPhase section */
		07E2D7AA18E0717800DA6528 /* Frameworks */ = {
			isa = PBXFrameworksBuildPhase;
			buildActionMask = 2147483647;
			files = (
				07E2D7B318E0717800DA6528 /* CoreGraphics.framework in Frameworks */,
				07E2D7B518E0717800DA6528 /* UIKit.framework in Frameworks */,
				07E2D7B118E0717800DA6528 /* Foundation.framework in Frameworks */,
			);
			runOnlyForDeploymentPostprocessing = 0;
		};
/* End PBXFrameworksBuildPhase section */

/* Begin PBXGroup section */
		07E2D7A418E0717800DA6528 = {
			isa = PBXGroup;
			children = (
				07E2D7B618E0717800DA6528 /* WellCachedTestHost */,
				07E2D7AF18E0717800DA6528 /* Frameworks */,
				07E2D7AE18E0717800DA6528 /* Products */,
			);
			sourceTree = "<group>";
		};
		07E2D7AE18E0717800DA6528 /* Products */ = {
			isa = PBXGroup;
			children = (
				07E2D7AD18E0717800DA6528 /* WellCachedTestHost.app */,
			);
			name = Products;
			sourceTree = "<group>";
		};
		07E2D7AF18E0717800DA6528 /* Frameworks */ = {
			isa = PBXGroup;
			children = (
				07E2D7B018E0717800DA6528 /* Foundation.framework */,
				07E2D7B218E0717800DA6528 /* CoreGraphics.framework */,
				07E2D7B418E0717800DA6528 /* UIKit.framework */,
				07E2D7C918E0717800DA6528 /* XCTest.framework */,
			);
			name = Frameworks;
			sourceTree = "<group>";
		};
		07E2D7B618E0717800DA6528 /* WellCachedTestHost */ = {
			isa = PBXGroup;
			children = (
				07E2D7BF18E0717800DA6528 /* ELAAppDelegate.h */,
				07E2D7C018E0717800DA6528 /* ELAAppDelegate.m */,
				07E2D7C218E0717800DA6528 /* Images.xcassets */,
				07E2D7B718E0717800DA6528 /* Supporting Files */,
			);
			path = WellCachedTestHost;
			sourceTree = "<group>";
		};
		07E2D7B718E0717800DA6528 /* Supporting Files */ = {
			isa = PBXGroup;
			children = (
				07E2D7B818E0717800DA6528 /* WellCachedTestHost-Info.plist */,
				07E2D7B918E0717800DA6528 /* InfoPlist.strings */,
				07E2D7BC18E0717800DA6528 /* main.m */,
				07E2D7BE18E0717800DA6528 /* WellCachedTestHost-Prefix.pch */,
			);
			name = "Supporting Files";
			sourceTree = "<group>";
		};
/* End PBXGroup section */

/* Begin PBXNativeTarget section */
		07E2D7AC18E0717800DA6528 /* WellCachedTestHost */ = {
			isa = PBXNativeTarget;
			buildConfigurationList = 07E2D7D918E0717800DA6528 /* Build configuration list for PBXNativeTarget "WellCachedTestHost" */;
			buildPhases = (
				07E2D7A918E0717800DA6528 /* Sources */,
				07E2D7AA18E0717800DA6528 /* Frameworks */,
				07E2D7AB18E0717800DA6528 /* Resources */,
			);
			buildRules = (
			);
			dependencies = (
			);
			name = WellCachedTestHost;
			productName = WellCachedTestHost;
			productReference = 07E2D7AD18E0717800DA6528 /* WellCachedTestHost.app */;
			productType = "com.apple.product-type.application";
		};
/* End PBXNativeTarget section */

/* Begin PBXProject section */
		07E2D7A518E0717800DA6528 /* Project object */ = {
			isa = PBXProject;
			attributes = {
				CLASSPREFIX = ELA;
				LastUpgradeCheck = 0510;
				ORGANIZATIONNAME = "Eric Allam";
			};
			buildConfigurationList = 07E2D7A818E0717800DA6528 /* Build configuration list for PBXProject "WellCachedTestHost" */;
			compatibilityVersion = "Xcode 3.2";
			developmentRegion = English;
			hasScannedForEncodings = 0;
			knownRegions = (
				en,
			);
			mainGroup = 07E2D7A418E0717800DA6528;
			productRefGroup = 07E2D7AE18E0717800DA6528 /* Products */;
			projectDirPath = "";
			projectRoot = "";
			targets = (
				07E2D7AC18E0717800DA6528 /* WellCachedTestHost */,
			);
		};
/* End PBXProject section */

/* Begin PBXResourcesBuildPhase section */
		07E2D7AB18E0717800DA6528 /* Resources */ = {
			isa = PBXResourcesBuildPhase;
			buildActionMask = 2147483647;
			files = (
				07E2D7BB18E0717800DA6528 /* InfoPlist.strings in Resources */,
				07E2D7C318E0717800DA6528 /* Images.xcassets in Resources */,
			);
			runOnlyForDeploymentPostprocessing = 0;
		};
/* End PBXResourcesBuildPhase section */

/* Begin PBXSourcesBuildPhase section */
		07E2D7A918E0717800DA6528 /* Sources */ = {
			isa = PBXSourcesBuildPhase;
			buildActionMask = 2147483647;
			files = (
				07E2D7BD18E0717800DA6528 /* main.m in Sources */,
				07E2D7C118E0717800DA6528 /* ELAAppDelegate.m in Sources */,
			);
			runOnlyForDeploymentPostprocessing = 0;
		};
/* End PBXSourcesBuildPhase section */

/* Begin PBXVariantGroup section */
		07E2D7B918E0717800DA6528 /* InfoPlist.strings */ = {
			isa = PBXVariantGroup;
			children = (
				07E2D7BA18E0717800DA6528 /* en */,
			);
			name = InfoPlist.strings;
			sourceTree = "<group>";
		};
/* End PBXVariantGroup section */

/* Begin XCBuildConfiguration section */
		07E2D7D718E0717800DA6528 /* Debug */ = {
			isa = XCBuildConfiguration;
			buildSettings = {
				ALWAYS_SEARCH_USER_PATHS = NO;
				CLANG_CXX_LANGUAGE_STANDARD = "gnu++0x";
				CLANG_CXX_LIBRARY = "libc++";
				CLANG_ENABLE_MODULES = YES;
				CLANG_ENABLE_OBJC_ARC = YES;
				CLANG_WARN_BOOL_CONVERSION = YES;
				CLANG_WARN_CONSTANT_CONVERSION = YES;
				CLANG_WARN_DIRECT_OBJC_ISA_USAGE = YES_ERROR;
				CLANG_WARN_EMPTY_BODY = YES;
				CLANG_WARN_ENUM_CONVERSION = YES;
				CLANG_WARN_INT_CONVERSION = YES;
				CLANG_WARN_OBJC_ROOT_CLASS = YES_ERROR;
				CLANG_WARN__DUPLICATE_METHOD_MATCH = YES;
				"CODE_SIGN_IDENTITY[sdk=iphoneos*]" = "iPhone Developer";
				COPY_PHASE_STRIP = NO;
				GCC_C_LANGUAGE_STANDARD = gnu99;
				GCC_DYNAMIC_NO_PIC = NO;
				GCC_OPTIMIZATION_LEVEL = 0;
				GCC_PREPROCESSOR_DEFINITIONS = (
					"DEBUG=1",
					"$(inherited)",
				);
				GCC_SYMBOLS_PRIVATE_EXTERN = NO;
				GCC_WARN_64_TO_32_BIT_CONVERSION = YES;
				GCC_WARN_ABOUT_RETURN_TYPE = YES_ERROR;
				GCC_WARN_UNDECLARED_SELECTOR = YES;
				GCC_WARN_UNINITIALIZED_AUTOS = YES_AGGRESSIVE;
				GCC_WARN_UNUSED_FUNCTION = YES;
				GCC_WARN_UNUSED_VARIABLE = YES;
				IPHONEOS_DEPLOYMENT_TARGET = 7.0;
				ONLY_ACTIVE_ARCH = YES;
				SDKROOT = iphoneos;
			};
			name = Debug;
		};
		07E2D7D818E0717800DA6528 /* Release */ = {
			isa = XCBuildConfiguration;
			buildSettings = {
				ALWAYS_SEARCH_USER_PATHS = NO;
				CLANG_CXX_LANGUAGE_STANDARD = "gnu++0x";
				CLANG_CXX_LIBRARY = "libc++";
				CLANG_ENABLE_MODULES = YES;
				CLANG_ENABLE_OBJC_ARC = YES;
				CLANG_WARN_BOOL_CONVERSION = YES;
				CLANG_WARN_CONSTANT_CONVERSION = YES;
				CLANG_WARN_DIRECT_OBJC_ISA_USAGE = YES_ERROR;
				CLANG_WARN_EMPTY_BODY = YES;
				CLANG_WARN_ENUM_CONVERSION = YES;
				CLANG_WARN_INT_CONVERSION = YES;
				CLANG_WARN_OBJC_ROOT_CLASS = YES_ERROR;
				CLANG_WARN__DUPLICATE_METHOD_MATCH = YES;
				"CODE_SIGN_IDENTITY[sdk=iphoneos*]" = "iPhone Developer";
				COPY_PHASE_STRIP = YES;
				ENABLE_NS_ASSERTIONS = NO;
				GCC_C_LANGUAGE_STANDARD = gnu99;
				GCC_WARN_64_TO_32_BIT_CONVERSION = YES;
				GCC_WARN_ABOUT_RETURN_TYPE = YES_ERROR;
				GCC_WARN_UNDECLARED_SELECTOR = YES;
				GCC_WARN_UNINITIALIZED_AUTOS = YES_AGGRESSIVE;
				GCC_WARN_UNUSED_FUNCTION = YES;
				GCC_WARN_UNUSED_VARIABLE = YES;
				IPHONEOS_DEPLOYMENT_TARGET = 7.0;
				SDKROOT = iphoneos;
				VALIDATE_PRODUCT = YES;
			};
			name = Release;
		};
		07E2D7DA18E0717800DA6528 /* Debug */ = {
			isa = XCBuildConfiguration;
			buildSettings = {
				ASSETCATALOG_COMPILER_APPICON_NAME = AppIcon;
				ASSETCATALOG_COMPILER_LAUNCHIMAGE_NAME = LaunchImage;
				GCC_PRECOMPILE_PREFIX_HEADER = YES;
				GCC_PREFIX_HEADER = "WellCachedTestHost/WellCachedTestHost-Prefix.pch";
				INFOPLIST_FILE = "WellCachedTestHost/WellCachedTestHost-Info.plist";
				PRODUCT_NAME = "$(TARGET_NAME)";
				WRAPPER_EXTENSION = app;
			};
			name = Debug;
		};
		07E2D7DB18E0717800DA6528 /* Release */ = {
			isa = XCBuildConfiguration;
			buildSettings = {
				ASSETCATALOG_COMPILER_APPICON_NAME = AppIcon;
				ASSETCATALOG_COMPILER_LAUNCHIMAGE_NAME = LaunchImage;
				GCC_PRECOMPILE_PREFIX_HEADER = YES;
				GCC_PREFIX_HEADER = "WellCachedTestHost/WellCachedTestHost-Prefix.pch";
				INFOPLIST_FILE = "WellCachedTestHost/WellCachedTestHost-Info.plist";
				PRODUCT_NAME = "$(TARGET_NAME)";
				WRAPPER_EXTENSION = app;
			};
			name = Release;
		};
/* End XCBuildConfiguration section */

/* Begin XCConfigurationList section */
		07E2D7A818E0717800DA6528 /* Build configuration list for PBXProject "WellCachedTestHost" */ = {
			isa = XCConfigurationList;
			buildConfigurations = (
				07E2D7D718E0717800DA6528 /* Debug */,
				07E2D7D818E0717800DA6528 /* Release */,
			);
			defaultConfigurationIsVisible = 0;
			defaultConfigurationName = Release;
		};
		07E2D7D918E0717800DA6528 /* Build configuration list for PBXNativeTarget "WellCachedTestHost" */ = {
			isa = XCConfigurationList;
			buildConfigurations = (
				07E2D7DA18E0717800DA6528 /* Debug */,
				07E2D7DB18E0717800DA6528 /* Release */,
			);
			defaultConfigurationIsVisible = 0;
			defaultConfigurationName = Release;
		};
/* End XCConfigurationList section */
	};
	rootObject = 07E2D7A518E0717800DA6528 /* Project object */;
}
